<?xml version="1.0" encoding="UTF-8" standalone="yes" ?>
<CodeBlocks_project_file>
	<FileVersion major="1" minor="6" />
	<Project>
		<Option title="eyelib-test" />
		<Option pch_mode="2" />
		<Option compiler="gcc" />
		<Build>
			<Target title="Release">
				<Option output="../../bin/eyelib-test" prefix_auto="1" extension_auto="1" />
				<Option object_output="../../obj/" />
				<Option type="1" />
				<Option compiler="gcc" />
				<Compiler>
					<Add option="-O2" />
				</Compiler>
				<Linker>
					<Add option="-s" />
				</Linker>
			</Target>
		</Build>
		<Compiler>
			<Add option="-std=c++11" />
			<Add option="-Wall" />
			<Add option="-std=c++14" />
			<Add option="-DWIN32" />
			<Add directory="$(#asio.include)" />
			<Add directory="$(#utl.include)" />
			<Add directory="$(#fl.include)" />
			<Add directory="$(#eyelib.include)" />
			<Add directory="$(#eyelib)/src/test" />
		</Compiler>
		<Linker>
			<Add option="-static" />
			<Add library="eyelib" />
			<Add library="fltk" />
			<Add library="comctl32" />
			<Add library="gdi32" />
			<Add library="ole32" />
			<Add library="uuid" />
			<Add library="ws2_32" />
			<Add library="wsock32" />
			<Add directory="$(#fl.lib)" />
			<Add directory="$(#eyelib.lib)" />
		</Linker>
		<Unit filename="../../src/test/eyelib_test.cpp" />
		<Unit filename="../../src/test/eyelib_test.hpp" />
		<Unit filename="../../src/test/test_fixation.cpp" />
		<Unit filename="../../src/test/test_fixation.hpp" />
		<Unit filename="../../src/test/test_gaze.cpp" />
		<Unit filename="../../src/test/test_gaze.hpp" />
		<Unit filename="../../src/test/test_message.cpp" />
		<Unit filename="../../src/test/test_message.hpp" />
		<Unit filename="../../src/test/test_metrics.cpp" />
		<Unit filename="../../src/test/test_metrics.hpp" />
		<Unit filename="../../src/test/test_screen.cpp" />
		<Unit filename="../../src/test/test_screen.hpp" />
		<Unit filename="../../src/test/test_tracker.cpp" />
		<Unit filename="../../src/test/test_tracker.hpp" />
		<Extensions>
			<code_completion />
			<envvars />
			<debugger />
			<DoxyBlocks>
				<comment_style block="0" line="0" />
				<doxyfile_project output_directory="doc" />
				<doxyfile_build />
				<doxyfile_warnings />
				<doxyfile_output />
				<doxyfile_dot />
				<general />
			</DoxyBlocks>
		</Extensions>
	</Project>
</CodeBlocks_project_file>
